// !$*UTF8*$!
{
	archiveVersion = 1;
	classes = {
	};
	objectVersion = 50;
	objects = {

/* Begin PBXBuildFile section */
		02F19135309E70A5E8F1AF9E /* Pods_About.framework in Frameworks */ = {isa = PBXBuildFile; fileRef = 58457FB7B2343CA5AF4FA609 /* Pods_About.framework */; };
		049883102364361E00E058F5 /* GoogleService-Info.plist in Resources */ = {isa = PBXBuildFile; fileRef = 0498830F2364361E00E058F5 /* GoogleService-Info.plist */; };
		FB3868982342461600936BCC /* AppDelegate.swift in Sources */ = {isa = PBXBuildFile; fileRef = FB3868972342461600936BCC /* AppDelegate.swift */; };
		FB38689A2342461600936BCC /* ViewController.swift in Sources */ = {isa = PBXBuildFile; fileRef = FB3868992342461600936BCC /* ViewController.swift */; };
		FB38689D2342461600936BCC /* Main.storyboard in Resources */ = {isa = PBXBuildFile; fileRef = FB38689B2342461600936BCC /* Main.storyboard */; };
		FB38689F2342461700936BCC /* Assets.xcassets in Resources */ = {isa = PBXBuildFile; fileRef = FB38689E2342461700936BCC /* Assets.xcassets */; };
		FB3868A22342461700936BCC /* LaunchScreen.storyboard in Resources */ = {isa = PBXBuildFile; fileRef = FB3868A02342461700936BCC /* LaunchScreen.storyboard */; };
		FB646FCB23607A7E00625987 /* CardConstant.swift in Sources */ = {isa = PBXBuildFile; fileRef = FB646FCA23607A7E00625987 /* CardConstant.swift */; };
		FB6687DD234D7A8E0092F9F9 /* CardData.swift in Sources */ = {isa = PBXBuildFile; fileRef = FB6687DC234D7A8E0092F9F9 /* CardData.swift */; };
		FBA3864523424A820089E060 /* MainCardTableViewCell.swift in Sources */ = {isa = PBXBuildFile; fileRef = FBA3864323424A820089E060 /* MainCardTableViewCell.swift */; };
		FBA3864623424A820089E060 /* MainCardTableViewCell.xib in Resources */ = {isa = PBXBuildFile; fileRef = FBA3864423424A820089E060 /* MainCardTableViewCell.xib */; };
		FBA3864823424A9C0089E060 /* MainViewController.swift in Sources */ = {isa = PBXBuildFile; fileRef = FBA3864723424A9C0089E060 /* MainViewController.swift */; };
		FBA3864A23424AB60089E060 /* PhotoViewController.swift in Sources */ = {isa = PBXBuildFile; fileRef = FBA3864923424AB60089E060 /* PhotoViewController.swift */; };
		FBA3865123424B2A0089E060 /* DetailCardViewController.swift in Sources */ = {isa = PBXBuildFile; fileRef = FBA3865023424B2A0089E060 /* DetailCardViewController.swift */; };
		FBA3865323424B590089E060 /* ProfileViewController.swift in Sources */ = {isa = PBXBuildFile; fileRef = FBA3865223424B590089E060 /* ProfileViewController.swift */; };
		FBA3865723424F240089E060 /* PhotoViewCollectionViewCell.swift in Sources */ = {isa = PBXBuildFile; fileRef = FBA3865523424F240089E060 /* PhotoViewCollectionViewCell.swift */; };
		FBA3865823424F240089E060 /* PhotoViewCollectionViewCell.xib in Resources */ = {isa = PBXBuildFile; fileRef = FBA3865623424F240089E060 /* PhotoViewCollectionViewCell.xib */; };
/* End PBXBuildFile section */

/* Begin PBXFileReference section */
		0498830F2364361E00E058F5 /* GoogleService-Info.plist */ = {isa = PBXFileReference; fileEncoding = 4; lastKnownFileType = text.plist.xml; path = "GoogleService-Info.plist"; sourceTree = "<group>"; };
		58457FB7B2343CA5AF4FA609 /* Pods_About.framework */ = {isa = PBXFileReference; explicitFileType = wrapper.framework; includeInIndex = 0; path = Pods_About.framework; sourceTree = BUILT_PRODUCTS_DIR; };
		A79C17142F4FB7BF7EBC5F3E /* Pods-About.debug.xcconfig */ = {isa = PBXFileReference; includeInIndex = 1; lastKnownFileType = text.xcconfig; name = "Pods-About.debug.xcconfig"; path = "Target Support Files/Pods-About/Pods-About.debug.xcconfig"; sourceTree = "<group>"; };
		C0AE09BF817AC9E16939B453 /* Pods-About.release.xcconfig */ = {isa = PBXFileReference; includeInIndex = 1; lastKnownFileType = text.xcconfig; name = "Pods-About.release.xcconfig"; path = "Target Support Files/Pods-About/Pods-About.release.xcconfig"; sourceTree = "<group>"; };
		FB3868942342461600936BCC /* About.app */ = {isa = PBXFileReference; explicitFileType = wrapper.application; includeInIndex = 0; path = About.app; sourceTree = BUILT_PRODUCTS_DIR; };
		FB3868972342461600936BCC /* AppDelegate.swift */ = {isa = PBXFileReference; lastKnownFileType = sourcecode.swift; path = AppDelegate.swift; sourceTree = "<group>"; };
		FB3868992342461600936BCC /* ViewController.swift */ = {isa = PBXFileReference; lastKnownFileType = sourcecode.swift; path = ViewController.swift; sourceTree = "<group>"; };
		FB38689C2342461600936BCC /* Base */ = {isa = PBXFileReference; lastKnownFileType = file.storyboard; name = Base; path = Base.lproj/Main.storyboard; sourceTree = "<group>"; };
		FB38689E2342461700936BCC /* Assets.xcassets */ = {isa = PBXFileReference; lastKnownFileType = folder.assetcatalog; path = Assets.xcassets; sourceTree = "<group>"; };
		FB3868A12342461700936BCC /* Base */ = {isa = PBXFileReference; lastKnownFileType = file.storyboard; name = Base; path = Base.lproj/LaunchScreen.storyboard; sourceTree = "<group>"; };
		FB3868A32342461700936BCC /* Info.plist */ = {isa = PBXFileReference; lastKnownFileType = text.plist.xml; path = Info.plist; sourceTree = "<group>"; };
		FB646FCA23607A7E00625987 /* CardConstant.swift */ = {isa = PBXFileReference; lastKnownFileType = sourcecode.swift; path = CardConstant.swift; sourceTree = "<group>"; };
		FB6687DC234D7A8E0092F9F9 /* CardData.swift */ = {isa = PBXFileReference; lastKnownFileType = sourcecode.swift; path = CardData.swift; sourceTree = "<group>"; };
		FBA3864323424A820089E060 /* MainCardTableViewCell.swift */ = {isa = PBXFileReference; lastKnownFileType = sourcecode.swift; path = MainCardTableViewCell.swift; sourceTree = "<group>"; };
		FBA3864423424A820089E060 /* MainCardTableViewCell.xib */ = {isa = PBXFileReference; lastKnownFileType = file.xib; path = MainCardTableViewCell.xib; sourceTree = "<group>"; };
		FBA3864723424A9C0089E060 /* MainViewController.swift */ = {isa = PBXFileReference; lastKnownFileType = sourcecode.swift; path = MainViewController.swift; sourceTree = "<group>"; };
		FBA3864923424AB60089E060 /* PhotoViewController.swift */ = {isa = PBXFileReference; lastKnownFileType = sourcecode.swift; path = PhotoViewController.swift; sourceTree = "<group>"; };
		FBA3865023424B2A0089E060 /* DetailCardViewController.swift */ = {isa = PBXFileReference; lastKnownFileType = sourcecode.swift; path = DetailCardViewController.swift; sourceTree = "<group>"; };
		FBA3865223424B590089E060 /* ProfileViewController.swift */ = {isa = PBXFileReference; lastKnownFileType = sourcecode.swift; path = ProfileViewController.swift; sourceTree = "<group>"; };
		FBA3865523424F240089E060 /* PhotoViewCollectionViewCell.swift */ = {isa = PBXFileReference; lastKnownFileType = sourcecode.swift; path = PhotoViewCollectionViewCell.swift; sourceTree = "<group>"; };
		FBA3865623424F240089E060 /* PhotoViewCollectionViewCell.xib */ = {isa = PBXFileReference; lastKnownFileType = file.xib; path = PhotoViewCollectionViewCell.xib; sourceTree = "<group>"; };
/* End PBXFileReference section */

/* Begin PBXFrameworksBuildPhase section */
		FB3868912342461600936BCC /* Frameworks */ = {
			isa = PBXFrameworksBuildPhase;
			buildActionMask = 2147483647;
			files = (
				02F19135309E70A5E8F1AF9E /* Pods_About.framework in Frameworks */,
			);
			runOnlyForDeploymentPostprocessing = 0;
		};
/* End PBXFrameworksBuildPhase section */

/* Begin PBXGroup section */
		0DC3DDE80453C74768E49AEB /* Frameworks */ = {
			isa = PBXGroup;
			children = (
				58457FB7B2343CA5AF4FA609 /* Pods_About.framework */,
			);
			name = Frameworks;
			sourceTree = "<group>";
		};
		687B499CA149A2CF28541903 /* Pods */ = {
			isa = PBXGroup;
			children = (
				A79C17142F4FB7BF7EBC5F3E /* Pods-About.debug.xcconfig */,
				C0AE09BF817AC9E16939B453 /* Pods-About.release.xcconfig */,
			);
			name = Pods;
			path = Pods;
			sourceTree = "<group>";
		};
		FB38688B2342461600936BCC = {
			isa = PBXGroup;
			children = (
				FB3868962342461600936BCC /* About */,
				FB3868952342461600936BCC /* Products */,
				687B499CA149A2CF28541903 /* Pods */,
				0DC3DDE80453C74768E49AEB /* Frameworks */,
			);
			sourceTree = "<group>";
		};
		FB3868952342461600936BCC /* Products */ = {
			isa = PBXGroup;
			children = (
				FB3868942342461600936BCC /* About.app */,
			);
			name = Products;
			sourceTree = "<group>";
		};
		FB3868962342461600936BCC /* About */ = {
			isa = PBXGroup;
			children = (
				FB646FCC2360812B00625987 /* Util */,
				FBA3864D23424ADD0089E060 /* Main */,
				FBA3864F23424B0E0089E060 /* Detail */,
				FBA3864E23424AEE0089E060 /* Photo */,
				FBA3865423424B600089E060 /* Profile */,
				FB3868972342461600936BCC /* AppDelegate.swift */,
				FB3868992342461600936BCC /* ViewController.swift */,
				FB38689B2342461600936BCC /* Main.storyboard */,
				FB38689E2342461700936BCC /* Assets.xcassets */,
				FB3868A02342461700936BCC /* LaunchScreen.storyboard */,
				0498830F2364361E00E058F5 /* GoogleService-Info.plist */,
				FB3868A32342461700936BCC /* Info.plist */,
			);
			path = About;
			sourceTree = "<group>";
		};
		FB646FCC2360812B00625987 /* Util */ = {
			isa = PBXGroup;
			children = (
				FB646FCA23607A7E00625987 /* CardConstant.swift */,
			);
			path = Util;
			sourceTree = "<group>";
		};
		FB6687DF234D8AA30092F9F9 /* Model */ = {
			isa = PBXGroup;
			children = (
				FB6687DC234D7A8E0092F9F9 /* CardData.swift */,
			);
			path = Model;
			sourceTree = "<group>";
		};
		FB6687E0234D8AB30092F9F9 /* View */ = {
			isa = PBXGroup;
			children = (
				FBA3864723424A9C0089E060 /* MainViewController.swift */,
				FBA3864323424A820089E060 /* MainCardTableViewCell.swift */,
				FBA3864423424A820089E060 /* MainCardTableViewCell.xib */,
			);
			path = View;
			sourceTree = "<group>";
		};
		FBA3864D23424ADD0089E060 /* Main */ = {
			isa = PBXGroup;
			children = (
				FB6687E0234D8AB30092F9F9 /* View */,
				FB6687DF234D8AA30092F9F9 /* Model */,
			);
			path = Main;
			sourceTree = "<group>";
		};
		FBA3864E23424AEE0089E060 /* Photo */ = {
			isa = PBXGroup;
			children = (
				FBA3864923424AB60089E060 /* PhotoViewController.swift */,
				FBA3865523424F240089E060 /* PhotoViewCollectionViewCell.swift */,
				FBA3865623424F240089E060 /* PhotoViewCollectionViewCell.xib */,
			);
			path = Photo;
			sourceTree = "<group>";
		};
		FBA3864F23424B0E0089E060 /* Detail */ = {
			isa = PBXGroup;
			children = (
				FBA3865023424B2A0089E060 /* DetailCardViewController.swift */,
			);
			path = Detail;
			sourceTree = "<group>";
		};
		FBA3865423424B600089E060 /* Profile */ = {
			isa = PBXGroup;
			children = (
				FBA3865223424B590089E060 /* ProfileViewController.swift */,
			);
			path = Profile;
			sourceTree = "<group>";
		};
/* End PBXGroup section */

/* Begin PBXNativeTarget section */
		FB3868932342461600936BCC /* About */ = {
			isa = PBXNativeTarget;
			buildConfigurationList = FB3868A62342461700936BCC /* Build configuration list for PBXNativeTarget "About" */;
			buildPhases = (
				CA1D6B2953AD4DB0C9BFB3AE /* [CP] Check Pods Manifest.lock */,
				FB3868902342461600936BCC /* Sources */,
				FB3868912342461600936BCC /* Frameworks */,
				FB3868922342461600936BCC /* Resources */,
				AC276CF44D624B2CD09F25BF /* [CP] Embed Pods Frameworks */,
				1F87A0F5E0E379C47309C44A /* [CP] Copy Pods Resources */,
			);
			buildRules = (
			);
			dependencies = (
			);
			name = About;
			productName = About;
			productReference = FB3868942342461600936BCC /* About.app */;
			productType = "com.apple.product-type.application";
		};
/* End PBXNativeTarget section */

/* Begin PBXProject section */
		FB38688C2342461600936BCC /* Project object */ = {
			isa = PBXProject;
			attributes = {
				LastSwiftUpdateCheck = 1010;
				LastUpgradeCheck = 1010;
				ORGANIZATIONNAME = aboutNext;
				TargetAttributes = {
					FB3868932342461600936BCC = {
						CreatedOnToolsVersion = 10.1;
					};
				};
			};
			buildConfigurationList = FB38688F2342461600936BCC /* Build configuration list for PBXProject "About" */;
			compatibilityVersion = "Xcode 9.3";
			developmentRegion = en;
			hasScannedForEncodings = 0;
			knownRegions = (
				en,
				Base,
			);
			mainGroup = FB38688B2342461600936BCC;
			productRefGroup = FB3868952342461600936BCC /* Products */;
			projectDirPath = "";
			projectRoot = "";
			targets = (
				FB3868932342461600936BCC /* About */,
			);
		};
/* End PBXProject section */

/* Begin PBXResourcesBuildPhase section */
		FB3868922342461600936BCC /* Resources */ = {
			isa = PBXResourcesBuildPhase;
			buildActionMask = 2147483647;
			files = (
				FBA3864623424A820089E060 /* MainCardTableViewCell.xib in Resources */,
				FB3868A22342461700936BCC /* LaunchScreen.storyboard in Resources */,
				FBA3865823424F240089E060 /* PhotoViewCollectionViewCell.xib in Resources */,
				FB38689F2342461700936BCC /* Assets.xcassets in Resources */,
				FB38689D2342461600936BCC /* Main.storyboard in Resources */,
				049883102364361E00E058F5 /* GoogleService-Info.plist in Resources */,
			);
			runOnlyForDeploymentPostprocessing = 0;
		};
/* End PBXResourcesBuildPhase section */

/* Begin PBXShellScriptBuildPhase section */
		1F87A0F5E0E379C47309C44A /* [CP] Copy Pods Resources */ = {
			isa = PBXShellScriptBuildPhase;
			buildActionMask = 2147483647;
			files = (
			);
			inputFileListPaths = (
				"${PODS_ROOT}/Target Support Files/Pods-About/Pods-About-resources-${CONFIGURATION}-input-files.xcfilelist",
			);
			name = "[CP] Copy Pods Resources";
			outputFileListPaths = (
				"${PODS_ROOT}/Target Support Files/Pods-About/Pods-About-resources-${CONFIGURATION}-output-files.xcfilelist",
			);
			runOnlyForDeploymentPostprocessing = 0;
			shellPath = /bin/sh;
			shellScript = "\"${PODS_ROOT}/Target Support Files/Pods-About/Pods-About-resources.sh\"\n";
			showEnvVarsInLog = 0;
		};
		AC276CF44D624B2CD09F25BF /* [CP] Embed Pods Frameworks */ = {
			isa = PBXShellScriptBuildPhase;
			buildActionMask = 2147483647;
			files = (
			);
			inputFileListPaths = (
				"${PODS_ROOT}/Target Support Files/Pods-About/Pods-About-frameworks-${CONFIGURATION}-input-files.xcfilelist",
			);
			name = "[CP] Embed Pods Frameworks";
			outputFileListPaths = (
				"${PODS_ROOT}/Target Support Files/Pods-About/Pods-About-frameworks-${CONFIGURATION}-output-files.xcfilelist",
			);
			runOnlyForDeploymentPostprocessing = 0;
			shellPath = /bin/sh;
			shellScript = "\"${PODS_ROOT}/Target Support Files/Pods-About/Pods-About-frameworks.sh\"\n";
			showEnvVarsInLog = 0;
		};
		CA1D6B2953AD4DB0C9BFB3AE /* [CP] Check Pods Manifest.lock */ = {
			isa = PBXShellScriptBuildPhase;
			buildActionMask = 2147483647;
			files = (
			);
			inputFileListPaths = (
			);
			inputPaths = (
				"${PODS_PODFILE_DIR_PATH}/Podfile.lock",
				"${PODS_ROOT}/Manifest.lock",
			);
			name = "[CP] Check Pods Manifest.lock";
			outputFileListPaths = (
			);
			outputPaths = (
				"$(DERIVED_FILE_DIR)/Pods-About-checkManifestLockResult.txt",
			);
			runOnlyForDeploymentPostprocessing = 0;
			shellPath = /bin/sh;
			shellScript = "diff \"${PODS_PODFILE_DIR_PATH}/Podfile.lock\" \"${PODS_ROOT}/Manifest.lock\" > /dev/null\nif [ $? != 0 ] ; then\n    # print error to STDERR\n    echo \"error: The sandbox is not in sync with the Podfile.lock. Run 'pod install' or update your CocoaPods installation.\" >&2\n    exit 1\nfi\n# This output is used by Xcode 'outputs' to avoid re-running this script phase.\necho \"SUCCESS\" > \"${SCRIPT_OUTPUT_FILE_0}\"\n";
			showEnvVarsInLog = 0;
		};
/* End PBXShellScriptBuildPhase section */

/* Begin PBXSourcesBuildPhase section */
		FB3868902342461600936BCC /* Sources */ = {
			isa = PBXSourcesBuildPhase;
			buildActionMask = 2147483647;
			files = (
				FBA3865723424F240089E060 /* PhotoViewCollectionViewCell.swift in Sources */,
				FB38689A2342461600936BCC /* ViewController.swift in Sources */,
				FB3868982342461600936BCC /* AppDelegate.swift in Sources */,
				FB646FCB23607A7E00625987 /* CardConstant.swift in Sources */,
				FBA3864523424A820089E060 /* MainCardTableViewCell.swift in Sources */,
				FBA3865123424B2A0089E060 /* DetailCardViewController.swift in Sources */,
				FBA3864823424A9C0089E060 /* MainViewController.swift in Sources */,
				FB6687DD234D7A8E0092F9F9 /* CardData.swift in Sources */,
				FBA3865323424B590089E060 /* ProfileViewController.swift in Sources */,
				FBA3864A23424AB60089E060 /* PhotoViewController.swift in Sources */,
			);
			runOnlyForDeploymentPostprocessing = 0;
		};
/* End PBXSourcesBuildPhase section */

/* Begin PBXVariantGroup section */
		FB38689B2342461600936BCC /* Main.storyboard */ = {
			isa = PBXVariantGroup;
			children = (
				FB38689C2342461600936BCC /* Base */,
			);
			name = Main.storyboard;
			sourceTree = "<group>";
		};
		FB3868A02342461700936BCC /* LaunchScreen.storyboard */ = {
			isa = PBXVariantGroup;
			children = (
				FB3868A12342461700936BCC /* Base */,
			);
			name = LaunchScreen.storyboard;
			sourceTree = "<group>";
		};
/* End PBXVariantGroup section */

/* Begin XCBuildConfiguration section */
		FB3868A42342461700936BCC /* Debug */ = {
			isa = XCBuildConfiguration;
			buildSettings = {
				ALWAYS_SEARCH_USER_PATHS = NO;
				CLANG_ANALYZER_NONNULL = YES;
				CLANG_ANALYZER_NUMBER_OBJECT_CONVERSION = YES_AGGRESSIVE;
				CLANG_CXX_LANGUAGE_STANDARD = "gnu++14";
				CLANG_CXX_LIBRARY = "libc++";
				CLANG_ENABLE_MODULES = YES;
				CLANG_ENABLE_OBJC_ARC = YES;
				CLANG_ENABLE_OBJC_WEAK = YES;
				CLANG_WARN_BLOCK_CAPTURE_AUTORELEASING = YES;
				CLANG_WARN_BOOL_CONVERSION = YES;
				CLANG_WARN_COMMA = YES;
				CLANG_WARN_CONSTANT_CONVERSION = YES;
				CLANG_WARN_DEPRECATED_OBJC_IMPLEMENTATIONS = YES;
				CLANG_WARN_DIRECT_OBJC_ISA_USAGE = YES_ERROR;
				CLANG_WARN_DOCUMENTATION_COMMENTS = YES;
				CLANG_WARN_EMPTY_BODY = YES;
				CLANG_WARN_ENUM_CONVERSION = YES;
				CLANG_WARN_INFINITE_RECURSION = YES;
				CLANG_WARN_INT_CONVERSION = YES;
				CLANG_WARN_NON_LITERAL_NULL_CONVERSION = YES;
				CLANG_WARN_OBJC_IMPLICIT_RETAIN_SELF = YES;
				CLANG_WARN_OBJC_LITERAL_CONVERSION = YES;
				CLANG_WARN_OBJC_ROOT_CLASS = YES_ERROR;
				CLANG_WARN_RANGE_LOOP_ANALYSIS = YES;
				CLANG_WARN_STRICT_PROTOTYPES = YES;
				CLANG_WARN_SUSPICIOUS_MOVE = YES;
				CLANG_WARN_UNGUARDED_AVAILABILITY = YES_AGGRESSIVE;
				CLANG_WARN_UNREACHABLE_CODE = YES;
				CLANG_WARN__DUPLICATE_METHOD_MATCH = YES;
				CODE_SIGN_IDENTITY = "iPhone Developer";
				COPY_PHASE_STRIP = NO;
				DEBUG_INFORMATION_FORMAT = dwarf;
				ENABLE_STRICT_OBJC_MSGSEND = YES;
				ENABLE_TESTABILITY = YES;
				GCC_C_LANGUAGE_STANDARD = gnu11;
				GCC_DYNAMIC_NO_PIC = NO;
				GCC_NO_COMMON_BLOCKS = YES;
				GCC_OPTIMIZATION_LEVEL = 0;
				GCC_PREPROCESSOR_DEFINITIONS = (
					"DEBUG=1",
					"$(inherited)",
				);
				GCC_WARN_64_TO_32_BIT_CONVERSION = YES;
				GCC_WARN_ABOUT_RETURN_TYPE = YES_ERROR;
				GCC_WARN_UNDECLARED_SELECTOR = YES;
				GCC_WARN_UNINITIALIZED_AUTOS = YES_AGGRESSIVE;
				GCC_WARN_UNUSED_FUNCTION = YES;
				GCC_WARN_UNUSED_VARIABLE = YES;
				IPHONEOS_DEPLOYMENT_TARGET = 12.1;
				MTL_ENABLE_DEBUG_INFO = INCLUDE_SOURCE;
				MTL_FAST_MATH = YES;
				ONLY_ACTIVE_ARCH = YES;
				SDKROOT = iphoneos;
				SWIFT_ACTIVE_COMPILATION_CONDITIONS = DEBUG;
				SWIFT_OPTIMIZATION_LEVEL = "-Onone";
			};
			name = Debug;
		};
		FB3868A52342461700936BCC /* Release */ = {
			isa = XCBuildConfiguration;
			buildSettings = {
				ALWAYS_SEARCH_USER_PATHS = NO;
				CLANG_ANALYZER_NONNULL = YES;
				CLANG_ANALYZER_NUMBER_OBJECT_CONVERSION = YES_AGGRESSIVE;
				CLANG_CXX_LANGUAGE_STANDARD = "gnu++14";
				CLANG_CXX_LIBRARY = "libc++";
				CLANG_ENABLE_MODULES = YES;
				CLANG_ENABLE_OBJC_ARC = YES;
				CLANG_ENABLE_OBJC_WEAK = YES;
				CLANG_WARN_BLOCK_CAPTURE_AUTORELEASING = YES;
				CLANG_WARN_BOOL_CONVERSION = YES;
				CLANG_WARN_COMMA = YES;
				CLANG_WARN_CONSTANT_CONVERSION = YES;
				CLANG_WARN_DEPRECATED_OBJC_IMPLEMENTATIONS = YES;
				CLANG_WARN_DIRECT_OBJC_ISA_USAGE = YES_ERROR;
				CLANG_WARN_DOCUMENTATION_COMMENTS = YES;
				CLANG_WARN_EMPTY_BODY = YES;
				CLANG_WARN_ENUM_CONVERSION = YES;
				CLANG_WARN_INFINITE_RECURSION = YES;
				CLANG_WARN_INT_CONVERSION = YES;
				CLANG_WARN_NON_LITERAL_NULL_CONVERSION = YES;
				CLANG_WARN_OBJC_IMPLICIT_RETAIN_SELF = YES;
				CLANG_WARN_OBJC_LITERAL_CONVERSION = YES;
				CLANG_WARN_OBJC_ROOT_CLASS = YES_ERROR;
				CLANG_WARN_RANGE_LOOP_ANALYSIS = YES;
				CLANG_WARN_STRICT_PROTOTYPES = YES;
				CLANG_WARN_SUSPICIOUS_MOVE = YES;
				CLANG_WARN_UNGUARDED_AVAILABILITY = YES_AGGRESSIVE;
				CLANG_WARN_UNREACHABLE_CODE = YES;
				CLANG_WARN__DUPLICATE_METHOD_MATCH = YES;
				CODE_SIGN_IDENTITY = "iPhone Developer";
				COPY_PHASE_STRIP = NO;
				DEBUG_INFORMATION_FORMAT = "dwarf-with-dsym";
				ENABLE_NS_ASSERTIONS = NO;
				ENABLE_STRICT_OBJC_MSGSEND = YES;
				GCC_C_LANGUAGE_STANDARD = gnu11;
				GCC_NO_COMMON_BLOCKS = YES;
				GCC_WARN_64_TO_32_BIT_CONVERSION = YES;
				GCC_WARN_ABOUT_RETURN_TYPE = YES_ERROR;
				GCC_WARN_UNDECLARED_SELECTOR = YES;
				GCC_WARN_UNINITIALIZED_AUTOS = YES_AGGRESSIVE;
				GCC_WARN_UNUSED_FUNCTION = YES;
				GCC_WARN_UNUSED_VARIABLE = YES;
				IPHONEOS_DEPLOYMENT_TARGET = 12.1;
				MTL_ENABLE_DEBUG_INFO = NO;
				MTL_FAST_MATH = YES;
				SDKROOT = iphoneos;
				SWIFT_COMPILATION_MODE = wholemodule;
				SWIFT_OPTIMIZATION_LEVEL = "-O";
				VALIDATE_PRODUCT = YES;
			};
			name = Release;
		};
		FB3868A72342461700936BCC /* Debug */ = {
			isa = XCBuildConfiguration;
			baseConfigurationReference = A79C17142F4FB7BF7EBC5F3E /* Pods-About.debug.xcconfig */;
			buildSettings = {
				ASSETCATALOG_COMPILER_APPICON_NAME = AppIcon;
				CODE_SIGN_STYLE = Automatic;
				DEVELOPMENT_TEAM = 4QUS8G24KF;
				INFOPLIST_FILE = About/Info.plist;
				LD_RUNPATH_SEARCH_PATHS = (
					"$(inherited)",
					"@executable_path/Frameworks",
				);
				PRODUCT_BUNDLE_IDENTIFIER = celline.About;
				PRODUCT_NAME = "$(TARGET_NAME)";
				SWIFT_VERSION = 4.2;
				TARGETED_DEVICE_FAMILY = "1,2";
			};
			name = Debug;
		};
		FB3868A82342461700936BCC /* Release */ = {
			isa = XCBuildConfiguration;
			baseConfigurationReference = C0AE09BF817AC9E16939B453 /* Pods-About.release.xcconfig */;
			buildSettings = {
				ASSETCATALOG_COMPILER_APPICON_NAME = AppIcon;
				CODE_SIGN_STYLE = Automatic;
				DEVELOPMENT_TEAM = 4QUS8G24KF;
				INFOPLIST_FILE = About/Info.plist;
				LD_RUNPATH_SEARCH_PATHS = (
					"$(inherited)",
					"@executable_path/Frameworks",
				);
				PRODUCT_BUNDLE_IDENTIFIER = celline.About;
				PRODUCT_NAME = "$(TARGET_NAME)";
				SWIFT_VERSION = 4.2;
				TARGETED_DEVICE_FAMILY = "1,2";
			};
			name = Release;
		};
/* End XCBuildConfiguration section */

/* Begin XCConfigurationList section */
		FB38688F2342461600936BCC /* Build configuration list for PBXProject "About" */ = {
			isa = XCConfigurationList;
			buildConfigurations = (
				FB3868A42342461700936BCC /* Debug */,
				FB3868A52342461700936BCC /* Release */,
			);
			defaultConfigurationIsVisible = 0;
			defaultConfigurationName = Release;
		};
		FB3868A62342461700936BCC /* Build configuration list for PBXNativeTarget "About" */ = {
			isa = XCConfigurationList;
			buildConfigurations = (
				FB3868A72342461700936BCC /* Debug */,
				FB3868A82342461700936BCC /* Release */,
			);
			defaultConfigurationIsVisible = 0;
			defaultConfigurationName = Release;
		};
/* End XCConfigurationList section */
	};
	rootObject = FB38688C2342461600936BCC /* Project object */;
}
